
Microsoft Visual Studio Solution File, Format Version 12.00
# Visual Studio Version 16
VisualStudioVersion = 16.0.31005.135
MinimumVisualStudioVersion = 10.0.40219.1
Project("{FAE04EC0-301F-11D3-BF4B-00C04F79EFBC}") = "FunctionAppTF_MODULE", "FunctionAppTF_MODULE\FunctionAppTF_MODULE.csproj", "{B6A0BB7C-FE99-467C-9B01-F2CD0FB8D95C}"
EndProject
Global
	GlobalSection(SolutionConfigurationPlatforms) = preSolution
		Debug|Any CPU = Debug|Any CPU
		Release|Any CPU = Release|Any CPU
	EndGlobalSection
	GlobalSection(ProjectConfigurationPlatforms) = postSolution
		{B6A0BB7C-FE99-467C-9B01-F2CD0FB8D95C}.Debug|Any CPU.ActiveCfg = Debug|Any CPU
		{B6A0BB7C-FE99-467C-9B01-F2CD0FB8D95C}.Debug|Any CPU.Build.0 = Debug|Any CPU
		{B6A0BB7C-FE99-467C-9B01-F2CD0FB8D95C}.Release|Any CPU.ActiveCfg = Release|Any CPU
		{B6A0BB7C-FE99-467C-9B01-F2CD0FB8D95C}.Release|Any CPU.Build.0 = Release|Any CPU
	EndGlobalSection
	GlobalSection(SolutionProperties) = preSolution
		HideSolutionNode = FALSE
	EndGlobalSection
	GlobalSection(ExtensibilityGlobals) = postSolution
		SolutionGuid = {784FFE2B-12B4-446E-B6D6-B4D33EB604FE}
	EndGlobalSection
EndGlobal
